
Microsoft Visual Studio Solution File, Format Version 12.00
# Visual Studio Version 16
VisualStudioVersion = 16.0.29613.14
MinimumVisualStudioVersion = 10.0.40219.1
Project("{FAE04EC0-301F-11D3-BF4B-00C04F79EFBC}") = "BibleBowlStudy", "BibleBowlStudy\BibleBowlStudy.csproj", "{A79970F4-43EC-46CD-91AF-81ACA2A927B5}"
EndProject
Global
	GlobalSection(SolutionConfigurationPlatforms) = preSolution
		Debug|Any CPU = Debug|Any CPU
		Release|Any CPU = Release|Any CPU
	EndGlobalSection
	GlobalSection(ProjectConfigurationPlatforms) = postSolution
		{A79970F4-43EC-46CD-91AF-81ACA2A927B5}.Debug|Any CPU.ActiveCfg = Debug|Any CPU
		{A79970F4-43EC-46CD-91AF-81ACA2A927B5}.Debug|Any CPU.Build.0 = Debug|Any CPU
		{A79970F4-43EC-46CD-91AF-81ACA2A927B5}.Release|Any CPU.ActiveCfg = Release|Any CPU
		{A79970F4-43EC-46CD-91AF-81ACA2A927B5}.Release|Any CPU.Build.0 = Release|Any CPU
	EndGlobalSection
	GlobalSection(SolutionProperties) = preSolution
		HideSolutionNode = FALSE
	EndGlobalSection
	GlobalSection(ExtensibilityGlobals) = postSolution
		SolutionGuid = {A8D969D6-2C06-4476-A7E7-4E8728146799}
	EndGlobalSection
EndGlobal
